
Microsoft Visual Studio Solution File, Format Version 12.00
# Visual Studio 15
VisualStudioVersion = 15.0.26823.1
MinimumVisualStudioVersion = 10.0.40219.1
Project("{FAE04EC0-301F-11D3-BF4B-00C04F79EFBC}") = "BackEnd", "BackEnd\BackEnd.csproj", "{59455444-2AAA-4D5C-B735-981CE89E75AD}"
EndProject
Global
	GlobalSection(SolutionConfigurationPlatforms) = preSolution
		Debug|Any CPU = Debug|Any CPU
		Release|Any CPU = Release|Any CPU
	EndGlobalSection
	GlobalSection(ProjectConfigurationPlatforms) = postSolution
		{59455444-2AAA-4D5C-B735-981CE89E75AD}.Debug|Any CPU.ActiveCfg = Debug|Any CPU
		{59455444-2AAA-4D5C-B735-981CE89E75AD}.Debug|Any CPU.Build.0 = Debug|Any CPU
		{59455444-2AAA-4D5C-B735-981CE89E75AD}.Release|Any CPU.ActiveCfg = Release|Any CPU
		{59455444-2AAA-4D5C-B735-981CE89E75AD}.Release|Any CPU.Build.0 = Release|Any CPU
	EndGlobalSection
	GlobalSection(SolutionProperties) = preSolution
		HideSolutionNode = FALSE
	EndGlobalSection
	GlobalSection(ExtensibilityGlobals) = postSolution
		SolutionGuid = {EBC947D4-CDAD-4791-97E7-556EA022CDEC}
	EndGlobalSection
EndGlobal
